# This file is autogenerated, do not edit; changes may be undone by the next 'dep ensure'.


[[projects]]
  digest = "1:6978a38432a017763a148afbc7ce6491734b54292af7d3e969d84d2e9dd242e2"
  name = "github.com/Azure/go-ansiterm"
  packages = [
    ".",
    "winterm",
  ]
  pruneopts = ""
  revision = "d6e3b3328b783f23731bc4d058875b0371ff8109"

[[projects]]
  digest = "1:e4b30804a381d7603b8a344009987c1ba351c26043501b23b8c7ce21f0b67474"
  name = "github.com/BurntSushi/toml"
  packages = ["."]
  pruneopts = ""
  revision = "3012a1dbe2e4bd1391d42b32f0577cb7bbc7f005"

[[projects]]
  digest = "1:f030e7f47bc39a29dd9ce41eaac2997bff088c4a34b38109ca6c3bc350c910f6"
  name = "github.com/Microsoft/go-winio"
  packages = [
    ".",
    "pkg/guid",
  ]
  pruneopts = ""
  revision = "6c72808b55902eae4c5943626030429ff20f3b63"

[[projects]]
  digest = "1:dd35d6b0bfe676af7730a4d40296877f83af56a254442839fa544afb5ca6c57e"
  name = "github.com/Microsoft/hcsshim"
  packages = [
    ".",
    "internal/cow",
    "internal/hcs",
    "internal/hcserror",
    "internal/hns",
    "internal/interop",
    "internal/log",
    "internal/logfields",
    "internal/longpath",
    "internal/mergemaps",
    "internal/oc",
    "internal/safefile",
    "internal/schema1",
    "internal/schema2",
    "internal/timeout",
    "internal/vmcompute",
    "internal/wclayer",
    "osversion",
  ]
  pruneopts = ""
  revision = "b3f49c06ffaeef24d09c6c08ec8ec8425a0303e2"

[[projects]]
  digest = "1:f65f3cca806a112f7ce16c2ea44c04bcc1e57348b1f731caa0eb9f8dc96b56d0"
  name = "github.com/armon/go-metrics"
  packages = ["."]
  pruneopts = ""
  revision = "eb0af217e5e9747e41dd5303755356b62d28e3ec"

[[projects]]
  digest = "1:208d05e5647de3f6d9cdb8a028063557914c1592516bbcb24d24897bbbe74b6b"
  name = "github.com/armon/go-radix"
  packages = ["."]
  pruneopts = ""
  revision = "e39d623f12e8e41c7b5529e9a9dd67a1e2261f80"

[[projects]]
  digest = "1:424fcf5a127fcf6fffa3013a65f33bcac88eb3b306c1730ef2719982b226cd6b"
  name = "github.com/beorn7/perks"
  packages = ["quantile"]
  pruneopts = ""
  revision = "e7f67b54abbeac9c40a31de0f81159e4cafebd6a"

[[projects]]
  digest = "1:99623ed4706e473a4b4c8486cb0d5b4aaf2538a4fa8fb4530b07f98eb39ddd0a"
  name = "github.com/cloudflare/cfssl"
  packages = [
    "api",
    "auth",
    "certdb",
    "config",
    "crypto/pkcs7",
    "csr",
    "errors",
    "helpers",
    "helpers/derhelpers",
    "info",
    "initca",
    "log",
    "ocsp/config",
    "signer",
    "signer/local",
  ]
  pruneopts = ""
  revision = "5d63dbd981b5c408effbb58c442d54761ff94fbd"

[[projects]]
  digest = "1:cb67aac25e6c9fdbb4f9abbc5895c86b6e213a15cb32f305d26417335ceb8b46"
  name = "github.com/containerd/cgroups"
  packages = ["stats/v1"]
  pruneopts = ""
  revision = "5fbad35c2a7e855762d3c60f2e474ffcad0d470a"

[[projects]]
  digest = "1:b46d5369cf31807b8945fc02c9629f37ad9e006e0b1d429de5e65fe19c940fc6"
  name = "github.com/containerd/console"
  packages = ["."]
  pruneopts = ""
  revision = "0650fd9eeb50bab4fc99dceb9f2e14cf58f36e7f"

[[projects]]
  digest = "1:8398fec76b76007570d4e1de8f47a02575f673e35f50c76dba39cd861c6e6226"
  name = "github.com/containerd/containerd"
  packages = [
    "api/services/content/v1",
    "archive/compression",
    "cio",
    "containers",
    "content",
    "content/local",
    "content/proxy",
    "contrib/seccomp",
    "defaults",
    "diff",
    "errdefs",
    "filters",
    "gc",
    "identifiers",
    "images",
    "labels",
    "leases",
    "log",
    "metadata",
    "metadata/boltutil",
    "mount",
    "namespaces",
    "oci",
    "platforms",
    "reference",
    "remotes",
    "remotes/docker",
    "remotes/docker/schema1",
    "rootfs",
    "services/content/contentserver",
    "snapshots",
    "sys",
    "version",
  ]
  pruneopts = ""
  revision = "acdcf13d5eaf0dfe0eaeabe7194a82535549bc2b"

[[projects]]
  digest = "1:7f3ca256e7a30d03ed31d0aea36aeb901ab1da0630c4ad14a2e7c10a91832888"
  name = "github.com/containerd/continuity"
  packages = [
    "devices",
    "driver",
    "fs",
    "pathdriver",
    "syscallx",
    "sysx",
  ]
  pruneopts = ""
  revision = "26c1120b8d4107d2471b93ad78ef7ce1fc84c4c4"

[[projects]]
  digest = "1:cf52b739fe170d11a9c1c7dde9f62ac361d5e72c247f40ac70b8e2218cb3ca75"
  name = "github.com/containerd/fifo"
  packages = ["."]
  pruneopts = ""
  revision = "bda0ff6ed73c67bfb5e62bc9c697f146b7fd7f13"

[[projects]]
  digest = "1:e8126f6fecd38e25ac2130d02aeb51d6ec7d9ca173a2b1b8f0e655c912591678"
  name = "github.com/containerd/go-runc"
  packages = ["."]
  pruneopts = ""
  revision = "a2952bc25f5116103a8b78f3817f6df759aa7def"

[[projects]]
  digest = "1:b7b88dddd97a8f03f917262fe3125c7a238eb971462cb3c4bce95ef529ed452c"
  name = "github.com/containerd/ttrpc"
  packages = ["."]
  pruneopts = ""
  revision = "92c8520ef9f86600c650dd540266a007bf03670f"

[[projects]]
  digest = "1:ffcd00de263273779ee411737b526d1c2336e5e3defc22eebb5ec7e494e6f21c"
  name = "github.com/coreos/etcd"
  packages = [
    "client",
    "pkg/pathutil",
    "pkg/srv",
    "pkg/types",
    "raft/raftpb",
    "version",
  ]
  pruneopts = ""
  revision = "d57e8b8d97adfc4a6c224fe116714bf1a1f3beb9"

[[projects]]
  digest = "1:3c3f68ebab415344aef64363d23471e953a4715645115604aaf57923ae904f5e"
  name = "github.com/coreos/go-semver"
  packages = ["semver"]
  pruneopts = ""
  revision = "8ab6407b697782a06568d4b7f1db25550ec2e4c6"

[[projects]]
  digest = "1:1a99671bb8620f32c88d20f65c7069a8c3745d1533bd486b9c0c538a1d981a5c"
  name = "github.com/coreos/go-systemd"
  packages = ["activation"]
  pruneopts = ""
  revision = "39ca1b05acc7ad1220e09f133283b8859a8b71ab"

[[projects]]
  digest = "1:3792c94774bb7973bf3be6d2efe32a8bc86fc84b84a0009f66fc24da60a86217"
  name = "github.com/deckarep/golang-set"
  packages = ["."]
  pruneopts = ""
  revision = "ef32fa3046d9f249d399f98ebaf9be944430fd1d"

[[projects]]
  digest = "1:a01511fe18f459e3982d45af2a375b83f11b69dadc31348285d863526a312158"
  name = "github.com/docker/distribution"
  packages = [
    ".",
    "digestset",
    "manifest",
    "manifest/manifestlist",
    "manifest/ocischema",
    "manifest/schema1",
    "manifest/schema2",
    "metrics",
    "reference",
    "registry/api/errcode",
    "registry/api/v2",
    "registry/client",
    "registry/client/auth",
    "registry/client/auth/challenge",
    "registry/client/transport",
    "registry/storage/cache",
    "registry/storage/cache/memory",
  ]
  pruneopts = ""
  revision = "0d3efadf0154c2b8a4e7b6621fff9809655cc580"

[[projects]]
  digest = "1:5e2cc85ac32799495507ff3abd521642520149daf2286f8235893fa18b1d788c"
  name = "github.com/docker/docker"
  packages = [
    "api",
    "api/server/httputils",
    "api/server/router",
    "api/server/router/build",
    "api/server/router/system",
    "api/types",
    "api/types/backend",
    "api/types/blkiodev",
    "api/types/container",
    "api/types/events",
    "api/types/filters",
    "api/types/image",
    "api/types/mount",
    "api/types/network",
    "api/types/plugins/logdriver",
    "api/types/registry",
    "api/types/strslice",
    "api/types/swarm",
    "api/types/swarm/runtime",
    "api/types/time",
    "api/types/versions",
    "builder",
    "builder/builder-next",
    "builder/builder-next/adapters/containerimage",
    "builder/builder-next/adapters/localinlinecache",
    "builder/builder-next/adapters/snapshot",
    "builder/builder-next/exporter",
    "builder/builder-next/imagerefchecker",
    "builder/builder-next/worker",
    "builder/dockerfile",
    "builder/dockerignore",
    "builder/remotecontext",
    "builder/remotecontext/git",
    "container",
    "container/stream",
    "daemon/cluster/convert",
    "daemon/cluster/provider",
    "daemon/config",
    "daemon/discovery",
    "daemon/events",
    "daemon/exec",
    "daemon/graphdriver",
    "daemon/images",
    "daemon/logger",
    "daemon/logger/jsonfilelog",
    "daemon/logger/jsonfilelog/jsonlog",
    "daemon/logger/local",
    "daemon/logger/loggerutils",
    "daemon/logger/templates",
    "daemon/network",
    "distribution",
    "distribution/metadata",
    "distribution/utils",
    "distribution/xfer",
    "dockerversion",
    "errdefs",
    "image",
    "image/cache",
    "image/tarexport",
    "image/v1",
    "layer",
    "oci",
    "oci/caps",
    "opts",
    "pkg/archive",
    "pkg/authorization",
    "pkg/broadcaster",
    "pkg/chrootarchive",
    "pkg/containerfs",
    "pkg/discovery",
    "pkg/discovery/kv",
    "pkg/filenotify",
    "pkg/fileutils",
    "pkg/homedir",
    "pkg/idtools",
    "pkg/ioutils",
    "pkg/jsonmessage",
    "pkg/locker",
    "pkg/longpath",
    "pkg/mount",
    "pkg/namesgenerator",
    "pkg/parsers",
    "pkg/parsers/kernel",
    "pkg/plugingetter",
    "pkg/plugins",
    "pkg/plugins/transport",
    "pkg/pools",
    "pkg/progress",
    "pkg/pubsub",
    "pkg/reexec",
    "pkg/signal",
    "pkg/stdcopy",
    "pkg/streamformatter",
    "pkg/stringid",
    "pkg/symlink",
    "pkg/sysinfo",
    "pkg/system",
    "pkg/tailfile",
    "pkg/tarsum",
    "pkg/term",
    "pkg/term/windows",
    "pkg/urlutil",
    "pkg/useragent",
    "plugin/v2",
    "reference",
    "registry",
    "registry/resumable",
    "restartmanager",
    "rootless",
    "runconfig",
    "runconfig/opts",
    "volume",
    "volume/mounts",
  ]
  pruneopts = ""
  revision = "58c2615208962a458ed94f4b6262eb27e5e021cd"

[[projects]]
  digest = "1:ebe593d8b65a2947b78b6e164a2dac1a230b977a700b694da3a398b03b7afb04"
  name = "github.com/docker/go-connections"
  packages = [
    "nat",
    "sockets",
    "tlsconfig",
  ]
  pruneopts = ""
  revision = "7395e3f8aa162843a74ed6d48e79627d9792ac55"

[[projects]]
  digest = "1:ea839a56aacf233edd6d46dc774e313f73d32d59cf904d79b25c3fed62f96dc4"
  name = "github.com/docker/go-events"
  packages = ["."]
  pruneopts = ""
  revision = "9461782956ad83b30282bf90e31fa6a70c255ba9"

[[projects]]
  digest = "1:728b59e75d0fbc2d7818a6256d03aff82604d2dfa25113d4820aae444e4004b8"
  name = "github.com/docker/go-metrics"
  packages = ["."]
  pruneopts = ""
  revision = "d466d4f6fd960e01820085bd7e1a24426ee7ef18"

[[projects]]
  digest = "1:a8212495120c94f629a8cf5c9760c4017390e24ab8a049cf566dbd3f5627d6cb"
  name = "github.com/docker/go-units"
  packages = ["."]
  pruneopts = ""
  revision = "519db1ee28dcc9fd2474ae59fca29a810482bfb1"

[[projects]]
  digest = "1:a25157dbd5733da4fa45f1618fb177bc58e0f37960a6a009e6ab03d8ddc7b2e1"
  name = "github.com/docker/libkv"
  packages = [
    ".",
    "store",
    "store/boltdb",
    "store/consul",
    "store/etcd",
    "store/zookeeper",
  ]
  pruneopts = ""
  revision = "458977154600b9f23984d9f4b82e79570b5ae12b"

[[projects]]
  digest = "1:50977b0f384564367e52a86aa8d6a3ab221e9c0e06ecfd740680c0be2dece5e6"
  name = "github.com/docker/libnetwork"
  packages = [
    ".",
    "bitseq",
    "cluster",
    "config",
    "datastore",
    "diagnostic",
    "discoverapi",
    "driverapi",
    "drivers/bridge",
    "drivers/host",
    "drivers/ipvlan",
    "drivers/macvlan",
    "drivers/null",
    "drivers/overlay",
    "drivers/overlay/overlayutils",
    "drivers/remote",
    "drivers/remote/api",
    "drivers/windows",
    "drivers/windows/overlay",
    "drvregistry",
    "etchosts",
    "hostdiscovery",
    "idm",
    "internal/caller",
    "internal/setmatrix",
    "ipam",
    "ipamapi",
    "ipams/builtin",
    "ipams/null",
    "ipams/remote",
    "ipams/remote/api",
    "ipams/windowsipam",
    "ipamutils",
    "iptables",
    "ipvs",
    "netlabel",
    "netutils",
    "networkdb",
    "ns",
    "options",
    "osl",
    "osl/kernel",
    "portallocator",
    "portmapper",
    "resolvconf",
    "resolvconf/dns",
    "types",
  ]
  pruneopts = ""
  revision = "feeff4f0a3fd2a2bb19cf67c826082c66ffaaed9"

[[projects]]
  digest = "1:7d78663bbf264bbdca2d5ed23944acc6e84153e8bc57f0614102fefef19ea08a"
  name = "github.com/docker/libtrust"
  packages = ["."]
  pruneopts = ""
  revision = "9cbd2a1374f46905c68a4eb3694a130610adc62a"

[[projects]]
  digest = "1:7093b36e6a623d986dbb47e36a7e291f8b9d3f177b448c2fe595aa61ba8ee29a"
  name = "github.com/docker/swarmkit"
  packages = [
    "agent/exec",
    "api",
    "api/deepcopy",
    "api/equality",
    "api/genericresource",
    "api/naming",
    "ca",
    "ca/keyutils",
    "ca/pkcs8",
    "connectionbroker",
    "identity",
    "ioutils",
    "log",
    "manager/raftselector",
    "manager/state",
    "manager/state/store",
    "protobuf/plugin",
    "protobuf/ptypes",
    "remotes",
    "watch",
    "watch/queue",
  ]
  pruneopts = ""
  revision = "49e35619b18200845c9365c1e953440c28868002"

[[projects]]
  digest = "1:135223bf2c128b2158178ee48779ac9983b003634864d46b73e913c95f7a847e"
  name = "github.com/fsnotify/fsnotify"
  packages = ["."]
  pruneopts = ""
  revision = "1485a34d5d5723fea214f5710708e19a831720e4"

[[projects]]
  digest = "1:5215f5e5d56dee6b936467465641b6ba3547395bcd5c55331f27100ec3c46341"
  name = "github.com/godbus/dbus"
  packages = ["."]
  pruneopts = ""
  revision = "5f6efc7ef2759c81b7ba876593971bfce311eab3"

[[projects]]
  digest = "1:a4724325f1d3bd4127dac415e980c7c28f2e08f4d0ba2513e7de9980906604ef"
  name = "github.com/gofrs/flock"
  packages = ["."]
  pruneopts = ""
  revision = "392e7fae8f1b0bdbd67dad7237d23f618feb6dbb"

[[projects]]
  digest = "1:8b49904d2ff610bb1c7414c7f976ed46450c053633274fafb61a66589da056a2"
  name = "github.com/gogo/googleapis"
  packages = ["google/rpc"]
  pruneopts = ""
  revision = "d31c731455cb061f42baff3bda55bad0118b126b"

[[projects]]
  digest = "1:fd53b471edb4c28c7d297f617f4da0d33402755f58d6301e7ca1197ef0a90937"
  name = "github.com/gogo/protobuf"
  packages = [
    "gogoproto",
    "proto",
    "protoc-gen-gogo/descriptor",
    "sortkeys",
    "types",
  ]
  pruneopts = ""
  revision = "ba06b47c162d49f2af050fb4c75bcbc86a159d5c"

[[projects]]
  digest = "1:3dd078fda7500c341bc26cfbc6c6a34614f295a2457149fc1045cab767cbcf18"
  name = "github.com/golang/protobuf"
  packages = [
    "proto",
    "ptypes",
    "ptypes/any",
    "ptypes/duration",
    "ptypes/timestamp",
  ]
  pruneopts = ""
  revision = "aa810b61a9c79d51363740d207bb46cf8e620ed5"

[[projects]]
  digest = "1:0e5cb7842c1945cd8265f0428b3a2586fb2d593595d87a463882d79953dfe40f"
  name = "github.com/google/certificate-transparency-go"
  packages = [
    ".",
    "asn1",
    "client",
    "client/configpb",
    "jsonclient",
    "tls",
    "x509",
    "x509/pkix",
  ]
  pruneopts = ""
  revision = "37a384cd035e722ea46e55029093e26687138edf"

[[projects]]
  digest = "1:300df205bd7812a680f7439cd69c0c89b5cd10dd6ac2dfd3bb329bf8ef93bd4e"
  name = "github.com/google/shlex"
  packages = ["."]
  pruneopts = ""
  revision = "e7afc7fbc51079733e9468cdfd1efcd7d196cd1d"

[[projects]]
  digest = "1:883e2fdbdd0e577187bd8106fec775b1176059af267a7f40eba5308955c67d52"
  name = "github.com/gorilla/mux"
  packages = ["."]
  pruneopts = ""
  revision = "00bdffe0f3c77e27d2cf6f5c70232a2d3e4d9c15"

[[projects]]
  digest = "1:e24dc5ef44694848785de507f439a24e9e6d96d7b43b8cf3d6cfa857aa1e2186"
  name = "github.com/grpc-ecosystem/go-grpc-prometheus"
  packages = ["."]
  pruneopts = ""
  revision = "c225b8c3b01faf2899099b768856a9e916e5087b"

[[projects]]
  digest = "1:0c93b4970c254d3f8f76c3e8eb72571d6f24a15415f9c418ecb0801ba5765a90"
  name = "github.com/grpc-ecosystem/grpc-opentracing"
  packages = ["go/otgrpc"]
  pruneopts = ""
  revision = "8e809c8a86450a29b90dcc9efbf062d0fe6d9746"

[[projects]]
  digest = "1:7aade4ad12f99202fac90b087401d6e20c20f5ca3f94a35e6864eaca10071e5a"
  name = "github.com/hashicorp/consul"
  packages = ["api"]
  pruneopts = ""
  revision = "9a9cc9341bb487651a0399e3fc5e1e8a42e62dd9"

[[projects]]
  digest = "1:8e3bd93036b4a925fe2250d3e4f38f21cadb8ef623561cd80c3c50c114b13201"
  name = "github.com/hashicorp/errwrap"
  packages = ["."]
  pruneopts = ""
  revision = "8a6fb523712970c966eefc6b39ed2c5e74880354"

[[projects]]
  digest = "1:75ac53cf8c16e314805b4f88acaa38d3fd351e4352722c8f3e4c52e5a3ec022e"
  name = "github.com/hashicorp/go-immutable-radix"
  packages = ["."]
  pruneopts = ""
  revision = "826af9ccf0feeee615d546d69b11f8e98da8c8f1"
  source = "git://github.com/tonistiigi/go-immutable-radix.git"

[[projects]]
  digest = "1:873cd1b106587504e6ff3bede4528e366221c47c67aea9bad65a54e93052e0f2"
  name = "github.com/hashicorp/go-memdb"
  packages = ["."]
  pruneopts = ""
  revision = "cb9a474f84cc5e41b273b20c6927680b2a8776ad"

[[projects]]
  digest = "1:b9bca27d5fbe4ad1a1802706629580ce923bb14255c51375480dff1bebcbb8b2"
  name = "github.com/hashicorp/go-msgpack"
  packages = ["codec"]
  pruneopts = ""
  revision = "71c2886f5a673a35f909803f38ece5810165097b"

[[projects]]
  digest = "1:72308fdd6d5ef61106a95be7ca72349a5565809042b6426a3cfb61d99483b824"
  name = "github.com/hashicorp/go-multierror"
  packages = ["."]
  pruneopts = ""
  revision = "886a7fbe3eb1c874d46f623bfa70af45f425b3d1"

[[projects]]
  digest = "1:24ee99da0190535baad44a5df2710ca2e116d615fcaaffcf3b79b476450af917"
  name = "github.com/hashicorp/go-sockaddr"
  packages = ["."]
  pruneopts = ""
  revision = "c7188e74f6acae5a989bdc959aa779f8b9f42faf"

[[projects]]
  digest = "1:7f6f07500a0b7d3766b00fa466040b97f2f5b5f3eef2ecabfe516e703b05119a"
  name = "github.com/hashicorp/golang-lru"
  packages = ["simplelru"]
  pruneopts = ""
  revision = "7f827b33c0f158ec5dfbba01bb0b14a4541fd81d"

[[projects]]
  digest = "1:158e04e585d83d2829d5ba23f51486084d718862213bfd637bf21ee6009010c7"
  name = "github.com/hashicorp/memberlist"
  packages = ["."]
  pruneopts = ""
  revision = "3d8438da9589e7b608a83ffac1ef8211486bcb7c"

[[projects]]
  digest = "1:83545979190079ba2c420b3d5e685c8cbc6ead66e388961cae2eeaa1e0cb2a47"
  name = "github.com/hashicorp/serf"
  packages = [
    "coordinate",
    "serf",
  ]
  pruneopts = ""
  revision = "598c54895cc5a7b1a24a398d635e8c0ea0959870"

[[projects]]
  digest = "1:6906c992632a66c125bd44e68a7abc354d9eda683e451b5c2d9b1614d15d4f18"
  name = "github.com/imdario/mergo"
  packages = ["."]
  pruneopts = ""
  revision = "1afb36080aec31e0d1528973ebe6721b191b0369"

[[projects]]
  digest = "1:7e170e05421fa7965d536f490e750926464b81c3251e8c93332c4c0c8bb767d9"
  name = "github.com/ishidawataru/sctp"
  packages = ["."]
  pruneopts = ""
  revision = "6e2cb1366111dcf547c13531e3a263a067715847"

[[projects]]
  digest = "1:0f51cee70b0d254dbc93c22666ea2abf211af81c1701a96d04e2284b408621db"
  name = "github.com/konsorten/go-windows-terminal-sequences"
  packages = ["."]
  pruneopts = ""
  revision = "f55edac94c9bbba5d6182a4be46d86a2c9b5b50e"

[[projects]]
  digest = "1:d5d962b7a8d95b9e6226f6b831a7e50237acf1730dcace6e8cb87c6dd628ef54"
  name = "github.com/mattn/go-shellwords"
  packages = ["."]
  pruneopts = ""
  revision = "36a9b3c57cb5caa559ff63fb7e9b585f1c00df75"

[[projects]]
  digest = "1:63722a4b1e1717be7b98fc686e0b30d5e7f734b9e93d7dee86293b6deab7ea28"
  name = "github.com/matttproud/golang_protobuf_extensions"
  packages = ["pbutil"]
  pruneopts = ""
  revision = "c12348ce28de40eed0136aa2b644d0ee0650e56c"

[[projects]]
  digest = "1:7c83d385d8253f197fbf0a43120449914dec7d5a29436be2c3f766d848bc5bf1"
  name = "github.com/miekg/dns"
  packages = ["."]
  pruneopts = ""
  revision = "e57bf427e68187a27e22adceac868350d7a7079b"

[[projects]]
  digest = "1:0de0f377aeccd41384e883c59c6f184c9db01c96db33a2724a1eaadd60f92629"
  name = "github.com/mitchellh/hashstructure"
  packages = ["."]
  pruneopts = ""
  revision = "2bca23e0e452137f789efbc8610126fd8b94f73b"

[[projects]]
  digest = "1:f2500b722ce71afe6433c884c64fc14b7fe0d37860b965f79b372f5b6947a3cb"
  name = "github.com/moby/buildkit"
  packages = [
    "api/services/control",
    "api/types",
    "cache",
    "cache/contenthash",
    "cache/metadata",
    "cache/remotecache",
    "cache/remotecache/inline",
    "cache/remotecache/local",
    "cache/remotecache/registry",
    "cache/remotecache/v1",
    "cache/util",
    "client",
    "client/buildid",
    "client/connhelper",
    "client/llb",
    "client/llb/imagemetaresolver",
    "client/ociindex",
    "control",
    "control/gateway",
    "executor",
    "executor/oci",
    "executor/runcexecutor",
    "exporter",
    "exporter/containerimage/exptypes",
    "exporter/local",
    "exporter/tar",
    "frontend",
    "frontend/dockerfile/builder",
    "frontend/dockerfile/command",
    "frontend/dockerfile/dockerfile2llb",
    "frontend/dockerfile/instructions",
    "frontend/dockerfile/parser",
    "frontend/dockerfile/shell",
    "frontend/gateway",
    "frontend/gateway/client",
    "frontend/gateway/forwarder",
    "frontend/gateway/grpcclient",
    "frontend/gateway/pb",
    "identity",
    "session",
    "session/auth",
    "session/content",
    "session/filesync",
    "session/grpchijack",
    "session/secrets",
    "session/sshforward",
    "session/upload",
    "snapshot",
    "snapshot/containerd",
    "solver",
    "solver/bboltcachestorage",
    "solver/internal/pipe",
    "solver/llbsolver",
    "solver/llbsolver/file",
    "solver/llbsolver/ops",
    "solver/llbsolver/ops/fileoptypes",
    "solver/pb",
    "source",
    "source/git",
    "source/http",
    "source/local",
    "util/apicaps",
    "util/apicaps/pb",
    "util/appdefaults",
    "util/binfmt_misc",
    "util/cond",
    "util/contentutil",
    "util/entitlements",
    "util/flightcontrol",
    "util/imageutil",
    "util/leaseutil",
    "util/network",
    "util/progress",
    "util/progress/logs",
    "util/resolver",
    "util/rootless/specconv",
    "util/system",
    "util/throttle",
    "util/tracing",
    "worker",
  ]
  pruneopts = ""
  revision = "4f4e03067523b2fc5ca2f17514a5e75ad63e02fb"

[[projects]]
  digest = "1:aa3fad6856cba7b9cd0e3ebdac9ca4cf2292207a344c197df896667cd10d5995"
  name = "github.com/morikuni/aec"
  packages = ["."]
  pruneopts = ""
  revision = "39771216ff4c63d11f5e604076f9c45e8be1067b"

[[projects]]
  digest = "1:5d9b668b0b4581a978f07e7d2e3314af18eb27b3fb5d19b70185b7c575723d11"
  name = "github.com/opencontainers/go-digest"
  packages = ["."]
  pruneopts = ""
  revision = "279bed98673dd5bef374d3b6e4b09e2af76183bf"

[[projects]]
  digest = "1:f26c8670b11e29a49c8e45f7ec7f2d5bac62e8fd4e3c0ae1662baa4a697f984a"
  name = "github.com/opencontainers/image-spec"
  packages = [
    "identity",
    "specs-go",
    "specs-go/v1",
  ]
  pruneopts = ""
  revision = "d60099175f88c47cd379c4738d158884749ed235"

[[projects]]
  digest = "1:31c11d6dca959e0135c686b8388031950daa75d81a14f0f88ded39cbdc9eff9f"
  name = "github.com/opencontainers/runc"
  packages = [
    "libcontainer/cgroups",
    "libcontainer/configs",
    "libcontainer/devices",
    "libcontainer/system",
    "libcontainer/user",
  ]
  pruneopts = ""
  revision = "dc9208a3303feef5b3839f4323d9beb36df0a9dd"

[[projects]]
  digest = "1:7346de2f456551c34c13cf154679d3ee4e3a20ce48a1b7da79d9d218ba65d3fb"
  name = "github.com/opencontainers/runtime-spec"
  packages = ["specs-go"]
  pruneopts = ""
  revision = "29686dbc5559d93fb1ef402eeda3e35c38d75af4"

[[projects]]
  digest = "1:b6e407aac0df4b866ceef51079169e1f3a666af3b1053dc97470bd2929cd1fdd"
  name = "github.com/opencontainers/selinux"
  packages = [
    "go-selinux",
    "go-selinux/label",
  ]
  pruneopts = ""
  revision = "4defb1c884d2f4f9c890c615380f20f7fc215cf3"

[[projects]]
  digest = "1:1d2ee6b419fc9c122d96a06f9e44894008133a575789eb73ad34ac2990948817"
  name = "github.com/opentracing-contrib/go-stdlib"
  packages = ["nethttp"]
  pruneopts = ""
  revision = "b1a47cfbdd7543e70e9ef3e73d0802ad306cc1cc"

[[projects]]
  digest = "1:35fba6f950caa43ecfb27e770ac17c57432ac403122404a855110843dc59c9d0"
  name = "github.com/opentracing/opentracing-go"
  packages = [
    ".",
    "ext",
    "log",
  ]
  pruneopts = ""
  revision = "1361b9cd60be79c4c3a7fa9841b3c132e40066a7"

[[projects]]
  digest = "1:1d7e1867c49a6dd9856598ef7c3123604ea3daabf5b83f303ff457bcbc410b1d"
  name = "github.com/pkg/errors"
  packages = ["."]
  pruneopts = ""
  revision = "ba968bfe8b2f7e042a574c888954fccecfa385b4"

[[projects]]
  digest = "1:4142d94383572e74b42352273652c62afec5b23f325222ed09198f46009022d1"
  name = "github.com/prometheus/client_golang"
  packages = ["prometheus"]
  pruneopts = ""
  revision = "c5b7fccd204277076155f10851dad72b76a49317"

[[projects]]
  digest = "1:2c2e0c749aa376a90cd48f4b62b55763214f3bb16d2de7eef981062892f61619"
  name = "github.com/prometheus/client_model"
  packages = ["go"]
  pruneopts = ""
  revision = "6f3806018612930941127f2a7c6c453ba2c527d2"

[[projects]]
  digest = "1:bfbc121ef802d245ef67421cff206615357d9202337a3d492b8f668906b485a8"
  name = "github.com/prometheus/common"
  packages = [
    "expfmt",
    "internal/bitbucket.org/ww/goautoneg",
    "model",
  ]
  pruneopts = ""
  revision = "7600349dcfe1abd18d72d3a1770870d9800a7801"

[[projects]]
  digest = "1:cccf925b20ad15bfad909bdfed67a0d9a29c7e2264597199858067e7eeada232"
  name = "github.com/prometheus/procfs"
  packages = [
    ".",
    "internal/util",
    "nfs",
    "xfs",
  ]
  pruneopts = ""
  revision = "7d6f385de8bea29190f15ba9931442a0eaef9af7"

[[projects]]
  digest = "1:0c3cde91c0df138710444f11033f5583d8c9c8eeac854a6da26624f62f4ae2e2"
  name = "github.com/samuel/go-zookeeper"
  packages = ["zk"]
  pruneopts = ""
  revision = "d0e0d8e11f318e000a8cc434616d69e329edc374"

[[projects]]
  digest = "1:6ee36f2cea425916d81fdaaf983469fc18f91b3cf090cfe90fa0a9d85b8bfab7"
  name = "github.com/sean-/seed"
  packages = ["."]
  pruneopts = ""
  revision = "e2103e2c35297fb7e17febb81e49b312087a2372"

[[projects]]
  digest = "1:1a405cddcf3368445051fb70ab465ae99da56ad7be8d8ca7fc52159d1c2d873c"
  name = "github.com/sirupsen/logrus"
  packages = ["."]
  pruneopts = ""
  revision = "839c75faf7f98a33d445d181f3018b5c3409a45e"

[[projects]]
  digest = "1:8863d1c426318f21721a27e3ee2e6fac66d02bf289541047479436af0e80e8e4"
  name = "github.com/spf13/pflag"
  packages = ["."]
  pruneopts = ""
  revision = "4cb166e4f25ac4e8016a3595bbf7ea2e9aa85a2c"
  source = "https://github.com/thaJeztah/pflag.git"

[[projects]]
  digest = "1:19bf29e038c97132efbcb6f6bfe85b8e1631976e127fc0e8103c17d40a2a1489"
  name = "github.com/syndtr/gocapability"
  packages = ["capability"]
  pruneopts = ""
  revision = "d98352740cb2c55f81556b63d4a1ec64c5a319c2"

[[projects]]
  digest = "1:5f1dd269f50f2ff2b5a037eb4462651c74fc1a811189de4f6dddb9898b0ee0a8"
  name = "github.com/tonistiigi/fsutil"
  packages = [
    ".",
    "copy",
    "types",
  ]
  pruneopts = ""
  revision = "0f039a052ca1da01626278199624b62aed9b3729"

[[projects]]
  digest = "1:2e7f653483e51243b6cd6de60ce39bde0d6927d10a3c24295ab0f82cb1efeae2"
  name = "github.com/ugorji/go"
  packages = ["codec"]
  pruneopts = ""
  revision = "b4c50a2b199d93b13dc15e78929cfb23bfdf21ab"

[[projects]]
  digest = "1:e35d8c53ca43d3f6155e7d313fc63bdeec096b60da5ff4a783cbc9e134282385"
  name = "github.com/varlink/go"
  packages = [
    "varlink",
    "varlink/internal/ctxio",
  ]
  pruneopts = ""
  revision = "d3b135e85b262c387b3adeb241b6ac0cb38cdb19"
  version = "v0.3.0"

[[projects]]
  digest = "1:7e68b696421c5b398bfa121c3ddf08c566040cf61d8bb0c2a41d2b44598389bf"
  name = "github.com/vbatts/tar-split"
  packages = [
    "archive/tar",
    "tar/asm",
    "tar/storage",
  ]
  pruneopts = ""
  revision = "620714a4c508c880ac1bdda9c8370a2b19af1a55"

[[projects]]
  digest = "1:dc7dae4a4ee322cb9852ba4cec6a0a61815cc2870d79b0c25edfb75e3bd618ec"
  name = "github.com/vishvananda/netlink"
  packages = [
    ".",
    "nl",
  ]
  pruneopts = ""
  revision = "a2ad57a690f3caf3015351d2d6e1c0b95c349752"

[[projects]]
  digest = "1:638338a8966ddff52fd1153bcd75d83be700ba1c388e823ce642399c0b46c472"
  name = "github.com/vishvananda/netns"
  packages = ["."]
  pruneopts = ""
  revision = "7109fa855b0ff1ebef7fbd2f6aa613e8db7cfbc0"

[[projects]]
  digest = "1:a434b4f8c58b32c879170ef48dd400c3cc9c7b6c56a2d2118b93a4575e889319"
  name = "go.etcd.io/bbolt"
  packages = ["."]
  pruneopts = ""
  revision = "a0458a2b35708eef59eb5f620ceb3cd1c01a824d"

[[projects]]
  digest = "1:241198f807ae0bf9b207eeea42b69aa01acb209c6f241e5ca222a470fb909faa"
  name = "go.opencensus.io"
  packages = [
    "internal",
    "trace",
    "trace/internal",
  ]
  pruneopts = ""
  revision = "c3ed530f775d85e577ca652cb052a52c078aad26"

[[projects]]
  digest = "1:b7d47aa7b4daa34b1c2e21673a5841d9fc1f1cec2d32727453754d7fda27c87a"
  name = "golang.org/x/crypto"
  packages = [
    "cryptobyte",
    "cryptobyte/asn1",
    "ed25519",
    "ed25519/internal/edwards25519",
    "ocsp",
    "pbkdf2",
    "pkcs12",
    "pkcs12/internal/rc2",
  ]
  pruneopts = ""
  revision = "bac4c82f69751a6dd76e702d54b3ceb88adab236"

[[projects]]
  digest = "1:3fcc745bd071aa073bd666e01ff8df5fc72ab15f493ae7246710c66c738aab45"
  name = "golang.org/x/net"
  packages = [
    "bpf",
    "context",
    "context/ctxhttp",
    "http/httpguts",
    "http2",
    "http2/hpack",
    "idna",
    "internal/iana",
    "internal/socket",
    "internal/socks",
    "internal/timeseries",
    "ipv4",
    "ipv6",
    "proxy",
    "trace",
  ]
  pruneopts = ""
  revision = "f3200d17e092c607f615320ecaad13d87ad9a2b3"

[[projects]]
  digest = "1:0142c968b74c157abbb0220c05fa2bdde8a3a4509d6134b35ef75d5b58afb721"
  name = "golang.org/x/sync"
  packages = [
    "errgroup",
    "semaphore",
    "syncmap",
  ]
  pruneopts = ""
  revision = "e225da77a7e68af35c70ccbf71af2b83e6acac3c"

[[projects]]
  digest = "1:6530ff3e6639af9bab7d2cf1e141c348e63af92058fa64d0660a6e8817d41640"
  name = "golang.org/x/sys"
  packages = [
    "unix",
    "windows",
    "windows/registry",
  ]
  pruneopts = ""
  revision = "6d18c012aee9febd81bbf9806760c8c4480e870d"

[[projects]]
  digest = "1:5acd3512b047305d49e8763eef7ba423901e85d5dd2fd1e71778a0ea8de10bd4"
  name = "golang.org/x/text"
  packages = [
    "collate",
    "collate/build",
    "internal/colltab",
    "internal/gen",
    "internal/tag",
    "internal/triegen",
    "internal/ucd",
    "language",
    "secure/bidirule",
    "transform",
    "unicode/bidi",
    "unicode/cldr",
    "unicode/norm",
    "unicode/rangetable",
  ]
  pruneopts = ""
  revision = "f21a4dfb5e38f5895301dc265a8def02365cc3d0"

[[projects]]
  digest = "1:55a681cb66f28755765fa5fa5104cbd8dc85c55c02d206f9f89566451e3fe1aa"
  name = "golang.org/x/time"
  packages = ["rate"]
  pruneopts = ""
  revision = "fbb02b2291d28baffd63558aa44b4b56f178d650"

[[projects]]
  digest = "1:6b740cfb473f7a3a1a5de40e48be84a3890a85832f51a647cca9e1deb00cf8d7"
  name = "google.golang.org/genproto"
  packages = ["googleapis/rpc/status"]
  pruneopts = ""
  revision = "02b4e95473316948020af0b7a4f0f22c73929b0e"

[[projects]]
  digest = "1:7ed022f305690d5843ba3f0bb94f9890a1f9c9459f0158a28304798213326d88"
  name = "google.golang.org/grpc"
  packages = [
    ".",
    "balancer",
    "balancer/base",
    "balancer/roundrobin",
    "binarylog/grpc_binarylog_v1",
    "codes",
    "connectivity",
    "credentials",
    "credentials/internal",
    "encoding",
    "encoding/proto",
    "grpclog",
    "health",
    "health/grpc_health_v1",
    "internal",
    "internal/backoff",
    "internal/balancerload",
    "internal/binarylog",
    "internal/channelz",
    "internal/envconfig",
    "internal/grpcrand",
    "internal/grpcsync",
    "internal/syscall",
    "internal/transport",
    "keepalive",
    "metadata",
    "naming",
    "peer",
    "resolver",
    "resolver/dns",
    "resolver/passthrough",
    "serviceconfig",
    "stats",
    "status",
    "tap",
  ]
  pruneopts = ""
  revision = "39e8a7b072a67ca2a75f57fa2e0d50995f5b22f6"

[solve-meta]
  analyzer-name = "dep"
  analyzer-version = 1
  input-imports = [
    "github.com/coreos/go-systemd/activation",
    "github.com/docker/distribution/reference",
    "github.com/docker/docker/api/server/router/system",
    "github.com/docker/docker/api/types",
    "github.com/docker/docker/api/types/container",
    "github.com/docker/docker/api/types/image",
    "github.com/docker/docker/api/types/registry",
    "github.com/docker/docker/pkg/jsonmessage",
    "github.com/docker/go-connections/nat",
    "github.com/gorilla/mux",
    "github.com/sirupsen/logrus",
    "github.com/varlink/go/varlink",
  ]
  solver-name = "gps-cdcl"
  solver-version = 1
